
Microsoft Visual Studio Solution File, Format Version 12.00
# Visual Studio Version 17
VisualStudioVersion = 17.10.34607.79
MinimumVisualStudioVersion = 10.0.40219.1
Project("{FAE04EC0-301F-11D3-BF4B-00C04F79EFBC}") = "NguyenDuongTanDung_Tuan2", "NguyenDuongTanDung_Tuan2\NguyenDuongTanDung_Tuan2.csproj", "{769E54A5-3D05-4302-A658-C92F51EF611B}"
EndProject
Global
	GlobalSection(SolutionConfigurationPlatforms) = preSolution
		Debug|Any CPU = Debug|Any CPU
		Release|Any CPU = Release|Any CPU
	EndGlobalSection
	GlobalSection(ProjectConfigurationPlatforms) = postSolution
		{769E54A5-3D05-4302-A658-C92F51EF611B}.Debug|Any CPU.ActiveCfg = Debug|Any CPU
		{769E54A5-3D05-4302-A658-C92F51EF611B}.Debug|Any CPU.Build.0 = Debug|Any CPU
		{769E54A5-3D05-4302-A658-C92F51EF611B}.Release|Any CPU.ActiveCfg = Release|Any CPU
		{769E54A5-3D05-4302-A658-C92F51EF611B}.Release|Any CPU.Build.0 = Release|Any CPU
	EndGlobalSection
	GlobalSection(SolutionProperties) = preSolution
		HideSolutionNode = FALSE
	EndGlobalSection
	GlobalSection(ExtensibilityGlobals) = postSolution
		SolutionGuid = {69899416-652E-4693-BE17-7FCCFE47B904}
	EndGlobalSection
EndGlobal
